
Microsoft Visual Studio Solution File, Format Version 12.00
# Visual Studio Version 17
VisualStudioVersion = 17.9.34723.18
MinimumVisualStudioVersion = 10.0.40219.1
Project("{FAE04EC0-301F-11D3-BF4B-00C04F79EFBC}") = "Saresp_2024", "Saresp_2024\Saresp_2024.csproj", "{ACF7F50E-31EB-426A-9158-7552DABF1B28}"
EndProject
Global
	GlobalSection(SolutionConfigurationPlatforms) = preSolution
		Debug|Any CPU = Debug|Any CPU
		Release|Any CPU = Release|Any CPU
	EndGlobalSection
	GlobalSection(ProjectConfigurationPlatforms) = postSolution
		{ACF7F50E-31EB-426A-9158-7552DABF1B28}.Debug|Any CPU.ActiveCfg = Debug|Any CPU
		{ACF7F50E-31EB-426A-9158-7552DABF1B28}.Debug|Any CPU.Build.0 = Debug|Any CPU
		{ACF7F50E-31EB-426A-9158-7552DABF1B28}.Release|Any CPU.ActiveCfg = Release|Any CPU
		{ACF7F50E-31EB-426A-9158-7552DABF1B28}.Release|Any CPU.Build.0 = Release|Any CPU
	EndGlobalSection
	GlobalSection(SolutionProperties) = preSolution
		HideSolutionNode = FALSE
	EndGlobalSection
	GlobalSection(ExtensibilityGlobals) = postSolution
		SolutionGuid = {9290F225-2DE5-4EA7-A075-9BF846ECE207}
	EndGlobalSection
EndGlobal
